
Microsoft Visual Studio Solution File, Format Version 12.00
# Visual Studio 2013
VisualStudioVersion = 12.0.30723.0
MinimumVisualStudioVersion = 10.0.40219.1
Project("{FAE04EC0-301F-11D3-BF4B-00C04F79EFBC}") = "ASP Video Website", "ASP Video Website\ASP Video Website.csproj", "{7F1F33BC-9B1A-4B27-A226-DF183DAD0A9B}"
EndProject
Global
	GlobalSection(SolutionConfigurationPlatforms) = preSolution
		Debug|Any CPU = Debug|Any CPU
		Release|Any CPU = Release|Any CPU
	EndGlobalSection
	GlobalSection(ProjectConfigurationPlatforms) = postSolution
		{7F1F33BC-9B1A-4B27-A226-DF183DAD0A9B}.Debug|Any CPU.ActiveCfg = Debug|Any CPU
		{7F1F33BC-9B1A-4B27-A226-DF183DAD0A9B}.Debug|Any CPU.Build.0 = Debug|Any CPU
		{7F1F33BC-9B1A-4B27-A226-DF183DAD0A9B}.Release|Any CPU.ActiveCfg = Release|Any CPU
		{7F1F33BC-9B1A-4B27-A226-DF183DAD0A9B}.Release|Any CPU.Build.0 = Release|Any CPU
	EndGlobalSection
	GlobalSection(SolutionProperties) = preSolution
		HideSolutionNode = FALSE
	EndGlobalSection
EndGlobal
